// !$*UTF8*$!
{
	archiveVersion = 1;
	classes = {
	};
	objectVersion = 46;
	objects = {

/* Begin PBXBuildFile section */
		4B4516A81A10FC6C00CDB33B /* AppDelegate.swift in Sources */ = {isa = PBXBuildFile; fileRef = 4B4516A71A10FC6C00CDB33B /* AppDelegate.swift */; };
		4B4516AA1A10FC6C00CDB33B /* ViewController.swift in Sources */ = {isa = PBXBuildFile; fileRef = 4B4516A91A10FC6C00CDB33B /* ViewController.swift */; };
		4B4516AD1A10FC6C00CDB33B /* Main.storyboard in Resources */ = {isa = PBXBuildFile; fileRef = 4B4516AB1A10FC6C00CDB33B /* Main.storyboard */; };
		4B4516AF1A10FC6C00CDB33B /* Images.xcassets in Resources */ = {isa = PBXBuildFile; fileRef = 4B4516AE1A10FC6C00CDB33B /* Images.xcassets */; };
		4B4516B21A10FC6C00CDB33B /* LaunchScreen.xib in Resources */ = {isa = PBXBuildFile; fileRef = 4B4516B01A10FC6C00CDB33B /* LaunchScreen.xib */; };
		4B4516BE1A10FC6D00CDB33B /* pelotTests.swift in Sources */ = {isa = PBXBuildFile; fileRef = 4B4516BD1A10FC6D00CDB33B /* pelotTests.swift */; };
/* End PBXBuildFile section */

/* Begin PBXContainerItemProxy section */
		4B4516B81A10FC6C00CDB33B /* PBXContainerItemProxy */ = {
			isa = PBXContainerItemProxy;
			containerPortal = 4B45169A1A10FC6C00CDB33B /* Project object */;
			proxyType = 1;
			remoteGlobalIDString = 4B4516A11A10FC6C00CDB33B;
			remoteInfo = pelot;
		};
/* End PBXContainerItemProxy section */

/* Begin PBXFileReference section */
		4B4516A21A10FC6C00CDB33B /* pelot.app */ = {isa = PBXFileReference; explicitFileType = wrapper.application; includeInIndex = 0; path = pelot.app; sourceTree = BUILT_PRODUCTS_DIR; };
		4B4516A61A10FC6C00CDB33B /* Info.plist */ = {isa = PBXFileReference; lastKnownFileType = text.plist.xml; path = Info.plist; sourceTree = "<group>"; };
		4B4516A71A10FC6C00CDB33B /* AppDelegate.swift */ = {isa = PBXFileReference; lastKnownFileType = sourcecode.swift; path = AppDelegate.swift; sourceTree = "<group>"; };
		4B4516A91A10FC6C00CDB33B /* ViewController.swift */ = {isa = PBXFileReference; lastKnownFileType = sourcecode.swift; path = ViewController.swift; sourceTree = "<group>"; };
		4B4516AC1A10FC6C00CDB33B /* Base */ = {isa = PBXFileReference; lastKnownFileType = file.storyboard; name = Base; path = Base.lproj/Main.storyboard; sourceTree = "<group>"; };
		4B4516AE1A10FC6C00CDB33B /* Images.xcassets */ = {isa = PBXFileReference; lastKnownFileType = folder.assetcatalog; path = Images.xcassets; sourceTree = "<group>"; };
		4B4516B11A10FC6C00CDB33B /* Base */ = {isa = PBXFileReference; lastKnownFileType = file.xib; name = Base; path = Base.lproj/LaunchScreen.xib; sourceTree = "<group>"; };
		4B4516B71A10FC6C00CDB33B /* pelotTests.xctest */ = {isa = PBXFileReference; explicitFileType = wrapper.cfbundle; includeInIndex = 0; path = pelotTests.xctest; sourceTree = BUILT_PRODUCTS_DIR; };
		4B4516BC1A10FC6C00CDB33B /* Info.plist */ = {isa = PBXFileReference; lastKnownFileType = text.plist.xml; path = Info.plist; sourceTree = "<group>"; };
		4B4516BD1A10FC6D00CDB33B /* pelotTests.swift */ = {isa = PBXFileReference; lastKnownFileType = sourcecode.swift; path = pelotTests.swift; sourceTree = "<group>"; };
/* End PBXFileReference section */

/* Begin PBXFrameworksBuildPhase section */
		4B45169F1A10FC6C00CDB33B /* Frameworks */ = {
			isa = PBXFrameworksBuildPhase;
			buildActionMask = 2147483647;
			files = (
			);
			runOnlyForDeploymentPostprocessing = 0;
		};
		4B4516B41A10FC6C00CDB33B /* Frameworks */ = {
			isa = PBXFrameworksBuildPhase;
			buildActionMask = 2147483647;
			files = (
			);
			runOnlyForDeploymentPostprocessing = 0;
		};
/* End PBXFrameworksBuildPhase section */

/* Begin PBXGroup section */
		4B4516991A10FC6C00CDB33B = {
			isa = PBXGroup;
			children = (
				4B4516A41A10FC6C00CDB33B /* pelot */,
				4B4516BA1A10FC6C00CDB33B /* pelotTests */,
				4B4516A31A10FC6C00CDB33B /* Products */,
			);
			sourceTree = "<group>";
		};
		4B4516A31A10FC6C00CDB33B /* Products */ = {
			isa = PBXGroup;
			children = (
				4B4516A21A10FC6C00CDB33B /* pelot.app */,
				4B4516B71A10FC6C00CDB33B /* pelotTests.xctest */,
			);
			name = Products;
			sourceTree = "<group>";
		};
		4B4516A41A10FC6C00CDB33B /* pelot */ = {
			isa = PBXGroup;
			children = (
				4B4516A71A10FC6C00CDB33B /* AppDelegate.swift */,
				4B4516A91A10FC6C00CDB33B /* ViewController.swift */,
				4B4516AB1A10FC6C00CDB33B /* Main.storyboard */,
				4B4516AE1A10FC6C00CDB33B /* Images.xcassets */,
				4B4516B01A10FC6C00CDB33B /* LaunchScreen.xib */,
				4B4516A51A10FC6C00CDB33B /* Supporting Files */,
			);
			path = pelot;
			sourceTree = "<group>";
		};
		4B4516A51A10FC6C00CDB33B /* Supporting Files */ = {
			isa = PBXGroup;
			children = (
				4B4516A61A10FC6C00CDB33B /* Info.plist */,
			);
			name = "Supporting Files";
			sourceTree = "<group>";
		};
		4B4516BA1A10FC6C00CDB33B /* pelotTests */ = {
			isa = PBXGroup;
			children = (
				4B4516BD1A10FC6D00CDB33B /* pelotTests.swift */,
				4B4516BB1A10FC6C00CDB33B /* Supporting Files */,
			);
			path = pelotTests;
			sourceTree = "<group>";
		};
		4B4516BB1A10FC6C00CDB33B /* Supporting Files */ = {
			isa = PBXGroup;
			children = (
				4B4516BC1A10FC6C00CDB33B /* Info.plist */,
			);
			name = "Supporting Files";
			sourceTree = "<group>";
		};
/* End PBXGroup section */

/* Begin PBXNativeTarget section */
		4B4516A11A10FC6C00CDB33B /* pelot */ = {
			isa = PBXNativeTarget;
			buildConfigurationList = 4B4516C11A10FC6D00CDB33B /* Build configuration list for PBXNativeTarget "pelot" */;
			buildPhases = (
				4B45169E1A10FC6C00CDB33B /* Sources */,
				4B45169F1A10FC6C00CDB33B /* Frameworks */,
				4B4516A01A10FC6C00CDB33B /* Resources */,
			);
			buildRules = (
			);
			dependencies = (
			);
			name = pelot;
			productName = pelot;
			productReference = 4B4516A21A10FC6C00CDB33B /* pelot.app */;
			productType = "com.apple.product-type.application";
		};
		4B4516B61A10FC6C00CDB33B /* pelotTests */ = {
			isa = PBXNativeTarget;
			buildConfigurationList = 4B4516C41A10FC6D00CDB33B /* Build configuration list for PBXNativeTarget "pelotTests" */;
			buildPhases = (
				4B4516B31A10FC6C00CDB33B /* Sources */,
				4B4516B41A10FC6C00CDB33B /* Frameworks */,
				4B4516B51A10FC6C00CDB33B /* Resources */,
			);
			buildRules = (
			);
			dependencies = (
				4B4516B91A10FC6C00CDB33B /* PBXTargetDependency */,
			);
			name = pelotTests;
			productName = pelotTests;
			productReference = 4B4516B71A10FC6C00CDB33B /* pelotTests.xctest */;
			productType = "com.apple.product-type.bundle.unit-test";
		};
/* End PBXNativeTarget section */

/* Begin PBXProject section */
		4B45169A1A10FC6C00CDB33B /* Project object */ = {
			isa = PBXProject;
			attributes = {
				LastUpgradeCheck = 0610;
				ORGANIZATIONNAME = "toyama satoshi";
				TargetAttributes = {
					4B4516A11A10FC6C00CDB33B = {
						CreatedOnToolsVersion = 6.1;
					};
					4B4516B61A10FC6C00CDB33B = {
						CreatedOnToolsVersion = 6.1;
						TestTargetID = 4B4516A11A10FC6C00CDB33B;
					};
				};
			};
			buildConfigurationList = 4B45169D1A10FC6C00CDB33B /* Build configuration list for PBXProject "pelot" */;
			compatibilityVersion = "Xcode 3.2";
			developmentRegion = English;
			hasScannedForEncodings = 0;
			knownRegions = (
				en,
				Base,
			);
			mainGroup = 4B4516991A10FC6C00CDB33B;
			productRefGroup = 4B4516A31A10FC6C00CDB33B /* Products */;
			projectDirPath = "";
			projectRoot = "";
			targets = (
				4B4516A11A10FC6C00CDB33B /* pelot */,
				4B4516B61A10FC6C00CDB33B /* pelotTests */,
			);
		};
/* End PBXProject section */

/* Begin PBXResourcesBuildPhase section */
		4B4516A01A10FC6C00CDB33B /* Resources */ = {
			isa = PBXResourcesBuildPhase;
			buildActionMask = 2147483647;
			files = (
				4B4516AD1A10FC6C00CDB33B /* Main.storyboard in Resources */,
				4B4516B21A10FC6C00CDB33B /* LaunchScreen.xib in Resources */,
				4B4516AF1A10FC6C00CDB33B /* Images.xcassets in Resources */,
			);
			runOnlyForDeploymentPostprocessing = 0;
		};
		4B4516B51A10FC6C00CDB33B /* Resources */ = {
			isa = PBXResourcesBuildPhase;
			buildActionMask = 2147483647;
			files = (
			);
			runOnlyForDeploymentPostprocessing = 0;
		};
/* End PBXResourcesBuildPhase section */

/* Begin PBXSourcesBuildPhase section */
		4B45169E1A10FC6C00CDB33B /* Sources */ = {
			isa = PBXSourcesBuildPhase;
			buildActionMask = 2147483647;
			files = (
				4B4516AA1A10FC6C00CDB33B /* ViewController.swift in Sources */,
				4B4516A81A10FC6C00CDB33B /* AppDelegate.swift in Sources */,
			);
			runOnlyForDeploymentPostprocessing = 0;
		};
		4B4516B31A10FC6C00CDB33B /* Sources */ = {
			isa = PBXSourcesBuildPhase;
			buildActionMask = 2147483647;
			files = (
				4B4516BE1A10FC6D00CDB33B /* pelotTests.swift in Sources */,
			);
			runOnlyForDeploymentPostprocessing = 0;
		};
/* End PBXSourcesBuildPhase section */

/* Begin PBXTargetDependency section */
		4B4516B91A10FC6C00CDB33B /* PBXTargetDependency */ = {
			isa = PBXTargetDependency;
			target = 4B4516A11A10FC6C00CDB33B /* pelot */;
			targetProxy = 4B4516B81A10FC6C00CDB33B /* PBXContainerItemProxy */;
		};
/* End PBXTargetDependency section */

/* Begin PBXVariantGroup section */
		4B4516AB1A10FC6C00CDB33B /* Main.storyboard */ = {
			isa = PBXVariantGroup;
			children = (
				4B4516AC1A10FC6C00CDB33B /* Base */,
			);
			name = Main.storyboard;
			sourceTree = "<group>";
		};
		4B4516B01A10FC6C00CDB33B /* LaunchScreen.xib */ = {
			isa = PBXVariantGroup;
			children = (
				4B4516B11A10FC6C00CDB33B /* Base */,
			);
			name = LaunchScreen.xib;
			sourceTree = "<group>";
		};
/* End PBXVariantGroup section */

/* Begin XCBuildConfiguration section */
		4B4516BF1A10FC6D00CDB33B /* Debug */ = {
			isa = XCBuildConfiguration;
			buildSettings = {
				ALWAYS_SEARCH_USER_PATHS = NO;
				CLANG_CXX_LANGUAGE_STANDARD = "gnu++0x";
				CLANG_CXX_LIBRARY = "libc++";
				CLANG_ENABLE_MODULES = YES;
				CLANG_ENABLE_OBJC_ARC = YES;
				CLANG_WARN_BOOL_CONVERSION = YES;
				CLANG_WARN_CONSTANT_CONVERSION = YES;
				CLANG_WARN_DIRECT_OBJC_ISA_USAGE = YES_ERROR;
				CLANG_WARN_EMPTY_BODY = YES;
				CLANG_WARN_ENUM_CONVERSION = YES;
				CLANG_WARN_INT_CONVERSION = YES;
				CLANG_WARN_OBJC_ROOT_CLASS = YES_ERROR;
				CLANG_WARN_UNREACHABLE_CODE = YES;
				CLANG_WARN__DUPLICATE_METHOD_MATCH = YES;
				"CODE_SIGN_IDENTITY[sdk=iphoneos*]" = "iPhone Developer";
				COPY_PHASE_STRIP = NO;
				ENABLE_STRICT_OBJC_MSGSEND = YES;
				GCC_C_LANGUAGE_STANDARD = gnu99;
				GCC_DYNAMIC_NO_PIC = NO;
				GCC_OPTIMIZATION_LEVEL = 0;
				GCC_PREPROCESSOR_DEFINITIONS = (
					"DEBUG=1",
					"$(inherited)",
				);
				GCC_SYMBOLS_PRIVATE_EXTERN = NO;
				GCC_WARN_64_TO_32_BIT_CONVERSION = YES;
				GCC_WARN_ABOUT_RETURN_TYPE = YES_ERROR;
				GCC_WARN_UNDECLARED_SELECTOR = YES;
				GCC_WARN_UNINITIALIZED_AUTOS = YES_AGGRESSIVE;
				GCC_WARN_UNUSED_FUNCTION = YES;
				GCC_WARN_UNUSED_VARIABLE = YES;
				IPHONEOS_DEPLOYMENT_TARGET = 8.1;
				MTL_ENABLE_DEBUG_INFO = YES;
				ONLY_ACTIVE_ARCH = YES;
				SDKROOT = iphoneos;
				SWIFT_OPTIMIZATION_LEVEL = "-Onone";
			};
			name = Debug;
		};
		4B4516C01A10FC6D00CDB33B /* Release */ = {
			isa = XCBuildConfiguration;
			buildSettings = {
				ALWAYS_SEARCH_USER_PATHS = NO;
				CLANG_CXX_LANGUAGE_STANDARD = "gnu++0x";
				CLANG_CXX_LIBRARY = "libc++";
				CLANG_ENABLE_MODULES = YES;
				CLANG_ENABLE_OBJC_ARC = YES;
				CLANG_WARN_BOOL_CONVERSION = YES;
				CLANG_WARN_CONSTANT_CONVERSION = YES;
				CLANG_WARN_DIRECT_OBJC_ISA_USAGE = YES_ERROR;
				CLANG_WARN_EMPTY_BODY = YES;
				CLANG_WARN_ENUM_CONVERSION = YES;
				CLANG_WARN_INT_CONVERSION = YES;
				CLANG_WARN_OBJC_ROOT_CLASS = YES_ERROR;
				CLANG_WARN_UNREACHABLE_CODE = YES;
				CLANG_WARN__DUPLICATE_METHOD_MATCH = YES;
				"CODE_SIGN_IDENTITY[sdk=iphoneos*]" = "iPhone Developer";
				COPY_PHASE_STRIP = YES;
				ENABLE_NS_ASSERTIONS = NO;
				ENABLE_STRICT_OBJC_MSGSEND = YES;
				GCC_C_LANGUAGE_STANDARD = gnu99;
				GCC_WARN_64_TO_32_BIT_CONVERSION = YES;
				GCC_WARN_ABOUT_RETURN_TYPE = YES_ERROR;
				GCC_WARN_UNDECLARED_SELECTOR = YES;
				GCC_WARN_UNINITIALIZED_AUTOS = YES_AGGRESSIVE;
				GCC_WARN_UNUSED_FUNCTION = YES;
				GCC_WARN_UNUSED_VARIABLE = YES;
				IPHONEOS_DEPLOYMENT_TARGET = 8.1;
				MTL_ENABLE_DEBUG_INFO = NO;
				SDKROOT = iphoneos;
				VALIDATE_PRODUCT = YES;
			};
			name = Release;
		};
		4B4516C21A10FC6D00CDB33B /* Debug */ = {
			isa = XCBuildConfiguration;
			buildSettings = {
				ASSETCATALOG_COMPILER_APPICON_NAME = AppIcon;
				INFOPLIST_FILE = pelot/Info.plist;
				LD_RUNPATH_SEARCH_PATHS = "$(inherited) @executable_path/Frameworks";
				PRODUCT_NAME = "$(TARGET_NAME)";
			};
			name = Debug;
		};
		4B4516C31A10FC6D00CDB33B /* Release */ = {
			isa = XCBuildConfiguration;
			buildSettings = {
				ASSETCATALOG_COMPILER_APPICON_NAME = AppIcon;
				INFOPLIST_FILE = pelot/Info.plist;
				LD_RUNPATH_SEARCH_PATHS = "$(inherited) @executable_path/Frameworks";
				PRODUCT_NAME = "$(TARGET_NAME)";
			};
			name = Release;
		};
		4B4516C51A10FC6D00CDB33B /* Debug */ = {
			isa = XCBuildConfiguration;
			buildSettings = {
				BUNDLE_LOADER = "$(TEST_HOST)";
				FRAMEWORK_SEARCH_PATHS = (
					"$(SDKROOT)/Developer/Library/Frameworks",
					"$(inherited)",
				);
				GCC_PREPROCESSOR_DEFINITIONS = (
					"DEBUG=1",
					"$(inherited)",
				);
				INFOPLIST_FILE = pelotTests/Info.plist;
				LD_RUNPATH_SEARCH_PATHS = "$(inherited) @executable_path/Frameworks @loader_path/Frameworks";
				PRODUCT_NAME = "$(TARGET_NAME)";
				TEST_HOST = "$(BUILT_PRODUCTS_DIR)/pelot.app/pelot";
			};
			name = Debug;
		};
		4B4516C61A10FC6D00CDB33B /* Release */ = {
			isa = XCBuildConfiguration;
			buildSettings = {
				BUNDLE_LOADER = "$(TEST_HOST)";
				FRAMEWORK_SEARCH_PATHS = (
					"$(SDKROOT)/Developer/Library/Frameworks",
					"$(inherited)",
				);
				INFOPLIST_FILE = pelotTests/Info.plist;
				LD_RUNPATH_SEARCH_PATHS = "$(inherited) @executable_path/Frameworks @loader_path/Frameworks";
				PRODUCT_NAME = "$(TARGET_NAME)";
				TEST_HOST = "$(BUILT_PRODUCTS_DIR)/pelot.app/pelot";
			};
			name = Release;
		};
/* End XCBuildConfiguration section */

/* Begin XCConfigurationList section */
		4B45169D1A10FC6C00CDB33B /* Build configuration list for PBXProject "pelot" */ = {
			isa = XCConfigurationList;
			buildConfigurations = (
				4B4516BF1A10FC6D00CDB33B /* Debug */,
				4B4516C01A10FC6D00CDB33B /* Release */,
			);
			defaultConfigurationIsVisible = 0;
			defaultConfigurationName = Release;
		};
		4B4516C11A10FC6D00CDB33B /* Build configuration list for PBXNativeTarget "pelot" */ = {
			isa = XCConfigurationList;
			buildConfigurations = (
				4B4516C21A10FC6D00CDB33B /* Debug */,
				4B4516C31A10FC6D00CDB33B /* Release */,
			);
			defaultConfigurationIsVisible = 0;
		};
		4B4516C41A10FC6D00CDB33B /* Build configuration list for PBXNativeTarget "pelotTests" */ = {
			isa = XCConfigurationList;
			buildConfigurations = (
				4B4516C51A10FC6D00CDB33B /* Debug */,
				4B4516C61A10FC6D00CDB33B /* Release */,
			);
			defaultConfigurationIsVisible = 0;
		};
/* End XCConfigurationList section */
	};
	rootObject = 4B45169A1A10FC6C00CDB33B /* Project object */;
}
